
Microsoft Visual Studio Solution File, Format Version 12.00
# Visual Studio 15
VisualStudioVersion = 15.0.26124.0
MinimumVisualStudioVersion = 15.0.26124.0
Project("{2150E333-8FDC-42A3-9474-1A3956D46DE8}") = "src", "src", "{87BDCAB6-B7AA-40FB-962C-F494089D1B7A}"
EndProject
Project("{FAE04EC0-301F-11D3-BF4B-00C04F79EFBC}") = "Examples.Api", "src\Examples.Api\Examples.Api.csproj", "{7AF3E6BE-F3D8-40AC-A1AB-A326F07E2153}"
EndProject
Project("{FAE04EC0-301F-11D3-BF4B-00C04F79EFBC}") = "Examples.Core", "src\Examples.Core\Examples.Core.csproj", "{2D162F20-F261-4116-9D1A-A74291519740}"
EndProject
Project("{FAE04EC0-301F-11D3-BF4B-00C04F79EFBC}") = "Examples.Core.Flagr", "src\Examples.Core.Flagr\Examples.Core.Flagr.csproj", "{4D68EEC5-DA69-4EB9-97A4-1AEC417B015F}"
EndProject
Project("{2150E333-8FDC-42A3-9474-1A3956D46DE8}") = "tests", "tests", "{C8AD1E83-DD82-477D-BD1A-D76A3AF09D0E}"
EndProject
Project("{2150E333-8FDC-42A3-9474-1A3956D46DE8}") = "component", "component", "{D7E3A338-6408-43BD-87BB-17F177FA2316}"
EndProject
Project("{FAE04EC0-301F-11D3-BF4B-00C04F79EFBC}") = "Examples.Flagr.Tests", "tests\component\Examples.Flagr.Tests\Examples.Flagr.Tests.csproj", "{08F6FFE8-1527-4DF0-8B72-176BE206DF7C}"
EndProject
Global
	GlobalSection(SolutionConfigurationPlatforms) = preSolution
		Debug|Any CPU = Debug|Any CPU
		Debug|x64 = Debug|x64
		Debug|x86 = Debug|x86
		Release|Any CPU = Release|Any CPU
		Release|x64 = Release|x64
		Release|x86 = Release|x86
	EndGlobalSection
	GlobalSection(SolutionProperties) = preSolution
		HideSolutionNode = FALSE
	EndGlobalSection
	GlobalSection(ProjectConfigurationPlatforms) = postSolution
		{7AF3E6BE-F3D8-40AC-A1AB-A326F07E2153}.Debug|Any CPU.ActiveCfg = Debug|Any CPU
		{7AF3E6BE-F3D8-40AC-A1AB-A326F07E2153}.Debug|Any CPU.Build.0 = Debug|Any CPU
		{7AF3E6BE-F3D8-40AC-A1AB-A326F07E2153}.Debug|x64.ActiveCfg = Debug|Any CPU
		{7AF3E6BE-F3D8-40AC-A1AB-A326F07E2153}.Debug|x64.Build.0 = Debug|Any CPU
		{7AF3E6BE-F3D8-40AC-A1AB-A326F07E2153}.Debug|x86.ActiveCfg = Debug|Any CPU
		{7AF3E6BE-F3D8-40AC-A1AB-A326F07E2153}.Debug|x86.Build.0 = Debug|Any CPU
		{7AF3E6BE-F3D8-40AC-A1AB-A326F07E2153}.Release|Any CPU.ActiveCfg = Release|Any CPU
		{7AF3E6BE-F3D8-40AC-A1AB-A326F07E2153}.Release|Any CPU.Build.0 = Release|Any CPU
		{7AF3E6BE-F3D8-40AC-A1AB-A326F07E2153}.Release|x64.ActiveCfg = Release|Any CPU
		{7AF3E6BE-F3D8-40AC-A1AB-A326F07E2153}.Release|x64.Build.0 = Release|Any CPU
		{7AF3E6BE-F3D8-40AC-A1AB-A326F07E2153}.Release|x86.ActiveCfg = Release|Any CPU
		{7AF3E6BE-F3D8-40AC-A1AB-A326F07E2153}.Release|x86.Build.0 = Release|Any CPU
		{2D162F20-F261-4116-9D1A-A74291519740}.Debug|Any CPU.ActiveCfg = Debug|Any CPU
		{2D162F20-F261-4116-9D1A-A74291519740}.Debug|Any CPU.Build.0 = Debug|Any CPU
		{2D162F20-F261-4116-9D1A-A74291519740}.Debug|x64.ActiveCfg = Debug|Any CPU
		{2D162F20-F261-4116-9D1A-A74291519740}.Debug|x64.Build.0 = Debug|Any CPU
		{2D162F20-F261-4116-9D1A-A74291519740}.Debug|x86.ActiveCfg = Debug|Any CPU
		{2D162F20-F261-4116-9D1A-A74291519740}.Debug|x86.Build.0 = Debug|Any CPU
		{2D162F20-F261-4116-9D1A-A74291519740}.Release|Any CPU.ActiveCfg = Release|Any CPU
		{2D162F20-F261-4116-9D1A-A74291519740}.Release|Any CPU.Build.0 = Release|Any CPU
		{2D162F20-F261-4116-9D1A-A74291519740}.Release|x64.ActiveCfg = Release|Any CPU
		{2D162F20-F261-4116-9D1A-A74291519740}.Release|x64.Build.0 = Release|Any CPU
		{2D162F20-F261-4116-9D1A-A74291519740}.Release|x86.ActiveCfg = Release|Any CPU
		{2D162F20-F261-4116-9D1A-A74291519740}.Release|x86.Build.0 = Release|Any CPU
		{4D68EEC5-DA69-4EB9-97A4-1AEC417B015F}.Debug|Any CPU.ActiveCfg = Debug|Any CPU
		{4D68EEC5-DA69-4EB9-97A4-1AEC417B015F}.Debug|Any CPU.Build.0 = Debug|Any CPU
		{4D68EEC5-DA69-4EB9-97A4-1AEC417B015F}.Debug|x64.ActiveCfg = Debug|Any CPU
		{4D68EEC5-DA69-4EB9-97A4-1AEC417B015F}.Debug|x64.Build.0 = Debug|Any CPU
		{4D68EEC5-DA69-4EB9-97A4-1AEC417B015F}.Debug|x86.ActiveCfg = Debug|Any CPU
		{4D68EEC5-DA69-4EB9-97A4-1AEC417B015F}.Debug|x86.Build.0 = Debug|Any CPU
		{4D68EEC5-DA69-4EB9-97A4-1AEC417B015F}.Release|Any CPU.ActiveCfg = Release|Any CPU
		{4D68EEC5-DA69-4EB9-97A4-1AEC417B015F}.Release|Any CPU.Build.0 = Release|Any CPU
		{4D68EEC5-DA69-4EB9-97A4-1AEC417B015F}.Release|x64.ActiveCfg = Release|Any CPU
		{4D68EEC5-DA69-4EB9-97A4-1AEC417B015F}.Release|x64.Build.0 = Release|Any CPU
		{4D68EEC5-DA69-4EB9-97A4-1AEC417B015F}.Release|x86.ActiveCfg = Release|Any CPU
		{4D68EEC5-DA69-4EB9-97A4-1AEC417B015F}.Release|x86.Build.0 = Release|Any CPU
		{08F6FFE8-1527-4DF0-8B72-176BE206DF7C}.Debug|Any CPU.ActiveCfg = Debug|Any CPU
		{08F6FFE8-1527-4DF0-8B72-176BE206DF7C}.Debug|Any CPU.Build.0 = Debug|Any CPU
		{08F6FFE8-1527-4DF0-8B72-176BE206DF7C}.Debug|x64.ActiveCfg = Debug|Any CPU
		{08F6FFE8-1527-4DF0-8B72-176BE206DF7C}.Debug|x64.Build.0 = Debug|Any CPU
		{08F6FFE8-1527-4DF0-8B72-176BE206DF7C}.Debug|x86.ActiveCfg = Debug|Any CPU
		{08F6FFE8-1527-4DF0-8B72-176BE206DF7C}.Debug|x86.Build.0 = Debug|Any CPU
		{08F6FFE8-1527-4DF0-8B72-176BE206DF7C}.Release|Any CPU.ActiveCfg = Release|Any CPU
		{08F6FFE8-1527-4DF0-8B72-176BE206DF7C}.Release|Any CPU.Build.0 = Release|Any CPU
		{08F6FFE8-1527-4DF0-8B72-176BE206DF7C}.Release|x64.ActiveCfg = Release|Any CPU
		{08F6FFE8-1527-4DF0-8B72-176BE206DF7C}.Release|x64.Build.0 = Release|Any CPU
		{08F6FFE8-1527-4DF0-8B72-176BE206DF7C}.Release|x86.ActiveCfg = Release|Any CPU
		{08F6FFE8-1527-4DF0-8B72-176BE206DF7C}.Release|x86.Build.0 = Release|Any CPU
	EndGlobalSection
	GlobalSection(NestedProjects) = preSolution
		{7AF3E6BE-F3D8-40AC-A1AB-A326F07E2153} = {87BDCAB6-B7AA-40FB-962C-F494089D1B7A}
		{2D162F20-F261-4116-9D1A-A74291519740} = {87BDCAB6-B7AA-40FB-962C-F494089D1B7A}
		{4D68EEC5-DA69-4EB9-97A4-1AEC417B015F} = {87BDCAB6-B7AA-40FB-962C-F494089D1B7A}
		{D7E3A338-6408-43BD-87BB-17F177FA2316} = {C8AD1E83-DD82-477D-BD1A-D76A3AF09D0E}
		{08F6FFE8-1527-4DF0-8B72-176BE206DF7C} = {D7E3A338-6408-43BD-87BB-17F177FA2316}
	EndGlobalSection
EndGlobal
